
Microsoft Visual Studio Solution File, Format Version 12.00
# Visual Studio Version 16
VisualStudioVersion = 16.0.29306.81
MinimumVisualStudioVersion = 10.0.40219.1
Project("{9A19103F-16F7-4668-BE54-9A1E7A4F7556}") = "Mailboxes", "source\Mailboxes\Mailboxes.csproj", "{75F29B68-9B10-43BF-BF76-08BDE9477AC9}"
EndProject
Project("{FAE04EC0-301F-11D3-BF4B-00C04F79EFBC}") = "Mailboxes.Tests", "source\Mailboxes.Tests\Mailboxes.Tests.csproj", "{B8C8BE4E-F04C-43A0-962B-F5E6DD080AFB}"
EndProject
Project("{FAE04EC0-301F-11D3-BF4B-00C04F79EFBC}") = "Mailboxes.Benchmarks", "source\Mailbox.Benchmarks\Mailboxes.Benchmarks.csproj", "{6F70B05B-9B64-4AE1-B270-F6B0409CE179}"
EndProject
Global
	GlobalSection(SolutionConfigurationPlatforms) = preSolution
		Debug|Any CPU = Debug|Any CPU
		Release|Any CPU = Release|Any CPU
	EndGlobalSection
	GlobalSection(ProjectConfigurationPlatforms) = postSolution
		{75F29B68-9B10-43BF-BF76-08BDE9477AC9}.Debug|Any CPU.ActiveCfg = Debug|Any CPU
		{75F29B68-9B10-43BF-BF76-08BDE9477AC9}.Debug|Any CPU.Build.0 = Debug|Any CPU
		{75F29B68-9B10-43BF-BF76-08BDE9477AC9}.Release|Any CPU.ActiveCfg = Release|Any CPU
		{75F29B68-9B10-43BF-BF76-08BDE9477AC9}.Release|Any CPU.Build.0 = Release|Any CPU
		{B8C8BE4E-F04C-43A0-962B-F5E6DD080AFB}.Debug|Any CPU.ActiveCfg = Debug|Any CPU
		{B8C8BE4E-F04C-43A0-962B-F5E6DD080AFB}.Debug|Any CPU.Build.0 = Debug|Any CPU
		{B8C8BE4E-F04C-43A0-962B-F5E6DD080AFB}.Release|Any CPU.ActiveCfg = Release|Any CPU
		{B8C8BE4E-F04C-43A0-962B-F5E6DD080AFB}.Release|Any CPU.Build.0 = Release|Any CPU
		{6F70B05B-9B64-4AE1-B270-F6B0409CE179}.Debug|Any CPU.ActiveCfg = Debug|Any CPU
		{6F70B05B-9B64-4AE1-B270-F6B0409CE179}.Debug|Any CPU.Build.0 = Debug|Any CPU
		{6F70B05B-9B64-4AE1-B270-F6B0409CE179}.Release|Any CPU.ActiveCfg = Release|Any CPU
		{6F70B05B-9B64-4AE1-B270-F6B0409CE179}.Release|Any CPU.Build.0 = Release|Any CPU
	EndGlobalSection
	GlobalSection(SolutionProperties) = preSolution
		HideSolutionNode = FALSE
	EndGlobalSection
	GlobalSection(ExtensibilityGlobals) = postSolution
		SolutionGuid = {95DF7F01-F82A-4890-9FFA-73F313FB4C0A}
	EndGlobalSection
EndGlobal
