
Microsoft Visual Studio Solution File, Format Version 12.00
# Visual Studio Version 16
VisualStudioVersion = 16.0.29306.81
MinimumVisualStudioVersion = 10.0.40219.1
Project("{9A19103F-16F7-4668-BE54-9A1E7A4F7556}") = "Mailboxes", "source\Mailboxes\Mailboxes.csproj", "{75F29B68-9B10-43BF-BF76-08BDE9477AC9}"
EndProject
Project("{9A19103F-16F7-4668-BE54-9A1E7A4F7556}") = "Mailboxes.Tests", "source\Mailboxes.Tests\Mailboxes.Tests.csproj", "{B8C8BE4E-F04C-43A0-962B-F5E6DD080AFB}"
EndProject
Project("{9A19103F-16F7-4668-BE54-9A1E7A4F7556}") = "Mailboxes.Benchmarks", "source\Mailbox.Benchmarks\Mailboxes.Benchmarks.csproj", "{6F70B05B-9B64-4AE1-B270-F6B0409CE179}"
EndProject
Project("{9A19103F-16F7-4668-BE54-9A1E7A4F7556}") = "ThirdParty.Benchmarks", "source\ThirdParty.Benchmarks\ThirdParty.Benchmarks.csproj", "{63861BDB-26A0-4E11-A47E-0CBCFBB11709}"
EndProject
Project("{2150E333-8FDC-42A3-9474-1A3956D46DE8}") = "Solution Items", "Solution Items", "{D588C595-ECC5-4557-B213-B9A808C0D61D}"
	ProjectSection(SolutionItems) = preProject
		azure-pipelines.yml = azure-pipelines.yml
		build.cake = build.cake
		Directory.Build.props = Directory.Build.props
		Readme.md = Readme.md
		version.json = version.json
	EndProjectSection
EndProject
Project("{9A19103F-16F7-4668-BE54-9A1E7A4F7556}") = "Mailboxes.Example", "source\Mailboxes.Example\Mailboxes.Example.csproj", "{D13EF153-816B-498C-AF4F-C2ADE9B48C13}"
EndProject
Global
	GlobalSection(SolutionConfigurationPlatforms) = preSolution
		Debug|Any CPU = Debug|Any CPU
		Release|Any CPU = Release|Any CPU
	EndGlobalSection
	GlobalSection(ProjectConfigurationPlatforms) = postSolution
		{75F29B68-9B10-43BF-BF76-08BDE9477AC9}.Debug|Any CPU.ActiveCfg = Debug|Any CPU
		{75F29B68-9B10-43BF-BF76-08BDE9477AC9}.Debug|Any CPU.Build.0 = Debug|Any CPU
		{75F29B68-9B10-43BF-BF76-08BDE9477AC9}.Release|Any CPU.ActiveCfg = Release|Any CPU
		{75F29B68-9B10-43BF-BF76-08BDE9477AC9}.Release|Any CPU.Build.0 = Release|Any CPU
		{B8C8BE4E-F04C-43A0-962B-F5E6DD080AFB}.Debug|Any CPU.ActiveCfg = Debug|Any CPU
		{B8C8BE4E-F04C-43A0-962B-F5E6DD080AFB}.Debug|Any CPU.Build.0 = Debug|Any CPU
		{B8C8BE4E-F04C-43A0-962B-F5E6DD080AFB}.Release|Any CPU.ActiveCfg = Release|Any CPU
		{B8C8BE4E-F04C-43A0-962B-F5E6DD080AFB}.Release|Any CPU.Build.0 = Release|Any CPU
		{6F70B05B-9B64-4AE1-B270-F6B0409CE179}.Debug|Any CPU.ActiveCfg = Debug|Any CPU
		{6F70B05B-9B64-4AE1-B270-F6B0409CE179}.Debug|Any CPU.Build.0 = Debug|Any CPU
		{6F70B05B-9B64-4AE1-B270-F6B0409CE179}.Release|Any CPU.ActiveCfg = Release|Any CPU
		{6F70B05B-9B64-4AE1-B270-F6B0409CE179}.Release|Any CPU.Build.0 = Release|Any CPU
		{63861BDB-26A0-4E11-A47E-0CBCFBB11709}.Debug|Any CPU.ActiveCfg = Debug|Any CPU
		{63861BDB-26A0-4E11-A47E-0CBCFBB11709}.Debug|Any CPU.Build.0 = Debug|Any CPU
		{63861BDB-26A0-4E11-A47E-0CBCFBB11709}.Release|Any CPU.ActiveCfg = Release|Any CPU
		{63861BDB-26A0-4E11-A47E-0CBCFBB11709}.Release|Any CPU.Build.0 = Release|Any CPU
		{D13EF153-816B-498C-AF4F-C2ADE9B48C13}.Debug|Any CPU.ActiveCfg = Debug|Any CPU
		{D13EF153-816B-498C-AF4F-C2ADE9B48C13}.Debug|Any CPU.Build.0 = Debug|Any CPU
		{D13EF153-816B-498C-AF4F-C2ADE9B48C13}.Release|Any CPU.ActiveCfg = Release|Any CPU
		{D13EF153-816B-498C-AF4F-C2ADE9B48C13}.Release|Any CPU.Build.0 = Release|Any CPU
	EndGlobalSection
	GlobalSection(SolutionProperties) = preSolution
		HideSolutionNode = FALSE
	EndGlobalSection
	GlobalSection(ExtensibilityGlobals) = postSolution
		SolutionGuid = {95DF7F01-F82A-4890-9FFA-73F313FB4C0A}
	EndGlobalSection
EndGlobal
